
Microsoft Visual Studio Solution File, Format Version 12.00
# Visual Studio Version 17
VisualStudioVersion = 17.0.31612.314
MinimumVisualStudioVersion = 10.0.40219.1
Project("{FAE04EC0-301F-11D3-BF4B-00C04F79EFBC}") = "AlwaysOnTop", "AlwaysOnTop.csproj", "{895AC4A9-6BEA-4415-BE70-40B2AEAB204A}"
EndProject
Global
	GlobalSection(SolutionConfigurationPlatforms) = preSolution
		Debug|Any CPU = Debug|Any CPU
		Release|Any CPU = Release|Any CPU
	EndGlobalSection
	GlobalSection(ProjectConfigurationPlatforms) = postSolution
		{895AC4A9-6BEA-4415-BE70-40B2AEAB204A}.Debug|Any CPU.ActiveCfg = Debug|Any CPU
		{895AC4A9-6BEA-4415-BE70-40B2AEAB204A}.Debug|Any CPU.Build.0 = Debug|Any CPU
		{895AC4A9-6BEA-4415-BE70-40B2AEAB204A}.Release|Any CPU.ActiveCfg = Release|Any CPU
		{895AC4A9-6BEA-4415-BE70-40B2AEAB204A}.Release|Any CPU.Build.0 = Release|Any CPU
	EndGlobalSection
	GlobalSection(SolutionProperties) = preSolution
		HideSolutionNode = FALSE
	EndGlobalSection
	GlobalSection(ExtensibilityGlobals) = postSolution
		SolutionGuid = {62DD18C3-C26B-44B4-BA55-A5DF948796D8}
	EndGlobalSection
EndGlobal
